
Microsoft Visual Studio Solution File, Format Version 12.00
# Visual Studio Version 17
VisualStudioVersion = 17.14.36109.1 d17.14
MinimumVisualStudioVersion = 10.0.40219.1
Project("{888888A0-9F3D-457C-B088-3A5042F75D52}") = "PDFAI", "PDFAI.pyproj", "{57DD9413-C345-4AE5-8D88-BE725A5921A5}"
EndProject
Global
	GlobalSection(SolutionConfigurationPlatforms) = preSolution
		Debug|Any CPU = Debug|Any CPU
		Release|Any CPU = Release|Any CPU
	EndGlobalSection
	GlobalSection(ProjectConfigurationPlatforms) = postSolution
		{57DD9413-C345-4AE5-8D88-BE725A5921A5}.Debug|Any CPU.ActiveCfg = Debug|Any CPU
		{57DD9413-C345-4AE5-8D88-BE725A5921A5}.Release|Any CPU.ActiveCfg = Release|Any CPU
	EndGlobalSection
	GlobalSection(SolutionProperties) = preSolution
		HideSolutionNode = FALSE
	EndGlobalSection
	GlobalSection(ExtensibilityGlobals) = postSolution
		SolutionGuid = {718379FC-5346-45B1-AA33-3EE6AB2CF193}
	EndGlobalSection
EndGlobal
